// !$*UTF8*$!
{
	archiveVersion = 1;
	classes = {
	};
	objectVersion = 55;
	objects = {

/* Begin PBXBuildFile section */
		5E6BA08A27A105EF0038408E /* AppDelegate.swift in Sources */ = {isa = PBXBuildFile; fileRef = 5E6BA08927A105EF0038408E /* AppDelegate.swift */; };
		5E6BA08C27A105EF0038408E /* ViewController.swift in Sources */ = {isa = PBXBuildFile; fileRef = 5E6BA08B27A105EF0038408E /* ViewController.swift */; };
		5E6BA08E27A105EF0038408E /* Experience.rcproject in Sources */ = {isa = PBXBuildFile; fileRef = 5E6BA08D27A105EF0038408E /* Experience.rcproject */; };
		5E6BA09127A105EF0038408E /* Main.storyboard in Resources */ = {isa = PBXBuildFile; fileRef = 5E6BA08F27A105EF0038408E /* Main.storyboard */; };
		5E6BA09327A105F00038408E /* Assets.xcassets in Resources */ = {isa = PBXBuildFile; fileRef = 5E6BA09227A105F00038408E /* Assets.xcassets */; };
		5E6BA09627A105F00038408E /* LaunchScreen.storyboard in Resources */ = {isa = PBXBuildFile; fileRef = 5E6BA09427A105F00038408E /* LaunchScreen.storyboard */; };
		5E6BA0A027A105F10038408E /* ARMamemakiTests.swift in Sources */ = {isa = PBXBuildFile; fileRef = 5E6BA09F27A105F10038408E /* ARMamemakiTests.swift */; };
		5E6BA0AA27A105F10038408E /* ARMamemakiUITests.swift in Sources */ = {isa = PBXBuildFile; fileRef = 5E6BA0A927A105F10038408E /* ARMamemakiUITests.swift */; };
		5E6BA0AC27A105F10038408E /* ARMamemakiUITestsLaunchTests.swift in Sources */ = {isa = PBXBuildFile; fileRef = 5E6BA0AB27A105F10038408E /* ARMamemakiUITestsLaunchTests.swift */; };
/* End PBXBuildFile section */

/* Begin PBXContainerItemProxy section */
		5E6BA09C27A105F10038408E /* PBXContainerItemProxy */ = {
			isa = PBXContainerItemProxy;
			containerPortal = 5E6BA07E27A105EF0038408E /* Project object */;
			proxyType = 1;
			remoteGlobalIDString = 5E6BA08527A105EF0038408E;
			remoteInfo = ARMamemaki;
		};
		5E6BA0A627A105F10038408E /* PBXContainerItemProxy */ = {
			isa = PBXContainerItemProxy;
			containerPortal = 5E6BA07E27A105EF0038408E /* Project object */;
			proxyType = 1;
			remoteGlobalIDString = 5E6BA08527A105EF0038408E;
			remoteInfo = ARMamemaki;
		};
/* End PBXContainerItemProxy section */

/* Begin PBXFileReference section */
		5E6BA08627A105EF0038408E /* ARMamemaki.app */ = {isa = PBXFileReference; explicitFileType = wrapper.application; includeInIndex = 0; path = ARMamemaki.app; sourceTree = BUILT_PRODUCTS_DIR; };
		5E6BA08927A105EF0038408E /* AppDelegate.swift */ = {isa = PBXFileReference; lastKnownFileType = sourcecode.swift; path = AppDelegate.swift; sourceTree = "<group>"; };
		5E6BA08B27A105EF0038408E /* ViewController.swift */ = {isa = PBXFileReference; lastKnownFileType = sourcecode.swift; path = ViewController.swift; sourceTree = "<group>"; };
		5E6BA08D27A105EF0038408E /* Experience.rcproject */ = {isa = PBXFileReference; lastKnownFileType = file.rcproject; path = Experience.rcproject; sourceTree = "<group>"; };
		5E6BA09027A105EF0038408E /* Base */ = {isa = PBXFileReference; lastKnownFileType = file.storyboard; name = Base; path = Base.lproj/Main.storyboard; sourceTree = "<group>"; };
		5E6BA09227A105F00038408E /* Assets.xcassets */ = {isa = PBXFileReference; lastKnownFileType = folder.assetcatalog; path = Assets.xcassets; sourceTree = "<group>"; };
		5E6BA09527A105F00038408E /* Base */ = {isa = PBXFileReference; lastKnownFileType = file.storyboard; name = Base; path = Base.lproj/LaunchScreen.storyboard; sourceTree = "<group>"; };
		5E6BA09B27A105F10038408E /* ARMamemakiTests.xctest */ = {isa = PBXFileReference; explicitFileType = wrapper.cfbundle; includeInIndex = 0; path = ARMamemakiTests.xctest; sourceTree = BUILT_PRODUCTS_DIR; };
		5E6BA09F27A105F10038408E /* ARMamemakiTests.swift */ = {isa = PBXFileReference; lastKnownFileType = sourcecode.swift; path = ARMamemakiTests.swift; sourceTree = "<group>"; };
		5E6BA0A527A105F10038408E /* ARMamemakiUITests.xctest */ = {isa = PBXFileReference; explicitFileType = wrapper.cfbundle; includeInIndex = 0; path = ARMamemakiUITests.xctest; sourceTree = BUILT_PRODUCTS_DIR; };
		5E6BA0A927A105F10038408E /* ARMamemakiUITests.swift */ = {isa = PBXFileReference; lastKnownFileType = sourcecode.swift; path = ARMamemakiUITests.swift; sourceTree = "<group>"; };
		5E6BA0AB27A105F10038408E /* ARMamemakiUITestsLaunchTests.swift */ = {isa = PBXFileReference; lastKnownFileType = sourcecode.swift; path = ARMamemakiUITestsLaunchTests.swift; sourceTree = "<group>"; };
/* End PBXFileReference section */

/* Begin PBXFrameworksBuildPhase section */
		5E6BA08327A105EF0038408E /* Frameworks */ = {
			isa = PBXFrameworksBuildPhase;
			buildActionMask = 2147483647;
			files = (
			);
			runOnlyForDeploymentPostprocessing = 0;
		};
		5E6BA09827A105F10038408E /* Frameworks */ = {
			isa = PBXFrameworksBuildPhase;
			buildActionMask = 2147483647;
			files = (
			);
			runOnlyForDeploymentPostprocessing = 0;
		};
		5E6BA0A227A105F10038408E /* Frameworks */ = {
			isa = PBXFrameworksBuildPhase;
			buildActionMask = 2147483647;
			files = (
			);
			runOnlyForDeploymentPostprocessing = 0;
		};
/* End PBXFrameworksBuildPhase section */

/* Begin PBXGroup section */
		5E6BA07D27A105EF0038408E = {
			isa = PBXGroup;
			children = (
				5E6BA08827A105EF0038408E /* ARMamemaki */,
				5E6BA09E27A105F10038408E /* ARMamemakiTests */,
				5E6BA0A827A105F10038408E /* ARMamemakiUITests */,
				5E6BA08727A105EF0038408E /* Products */,
			);
			sourceTree = "<group>";
		};
		5E6BA08727A105EF0038408E /* Products */ = {
			isa = PBXGroup;
			children = (
				5E6BA08627A105EF0038408E /* ARMamemaki.app */,
				5E6BA09B27A105F10038408E /* ARMamemakiTests.xctest */,
				5E6BA0A527A105F10038408E /* ARMamemakiUITests.xctest */,
			);
			name = Products;
			sourceTree = "<group>";
		};
		5E6BA08827A105EF0038408E /* ARMamemaki */ = {
			isa = PBXGroup;
			children = (
				5E6BA08927A105EF0038408E /* AppDelegate.swift */,
				5E6BA08B27A105EF0038408E /* ViewController.swift */,
				5E6BA08D27A105EF0038408E /* Experience.rcproject */,
				5E6BA08F27A105EF0038408E /* Main.storyboard */,
				5E6BA09227A105F00038408E /* Assets.xcassets */,
				5E6BA09427A105F00038408E /* LaunchScreen.storyboard */,
			);
			path = ARMamemaki;
			sourceTree = "<group>";
		};
		5E6BA09E27A105F10038408E /* ARMamemakiTests */ = {
			isa = PBXGroup;
			children = (
				5E6BA09F27A105F10038408E /* ARMamemakiTests.swift */,
			);
			path = ARMamemakiTests;
			sourceTree = "<group>";
		};
		5E6BA0A827A105F10038408E /* ARMamemakiUITests */ = {
			isa = PBXGroup;
			children = (
				5E6BA0A927A105F10038408E /* ARMamemakiUITests.swift */,
				5E6BA0AB27A105F10038408E /* ARMamemakiUITestsLaunchTests.swift */,
			);
			path = ARMamemakiUITests;
			sourceTree = "<group>";
		};
/* End PBXGroup section */

/* Begin PBXNativeTarget section */
		5E6BA08527A105EF0038408E /* ARMamemaki */ = {
			isa = PBXNativeTarget;
			buildConfigurationList = 5E6BA0AF27A105F10038408E /* Build configuration list for PBXNativeTarget "ARMamemaki" */;
			buildPhases = (
				5E6BA08227A105EF0038408E /* Sources */,
				5E6BA08327A105EF0038408E /* Frameworks */,
				5E6BA08427A105EF0038408E /* Resources */,
			);
			buildRules = (
			);
			dependencies = (
			);
			name = ARMamemaki;
			productName = ARMamemaki;
			productReference = 5E6BA08627A105EF0038408E /* ARMamemaki.app */;
			productType = "com.apple.product-type.application";
		};
		5E6BA09A27A105F10038408E /* ARMamemakiTests */ = {
			isa = PBXNativeTarget;
			buildConfigurationList = 5E6BA0B227A105F10038408E /* Build configuration list for PBXNativeTarget "ARMamemakiTests" */;
			buildPhases = (
				5E6BA09727A105F10038408E /* Sources */,
				5E6BA09827A105F10038408E /* Frameworks */,
				5E6BA09927A105F10038408E /* Resources */,
			);
			buildRules = (
			);
			dependencies = (
				5E6BA09D27A105F10038408E /* PBXTargetDependency */,
			);
			name = ARMamemakiTests;
			productName = ARMamemakiTests;
			productReference = 5E6BA09B27A105F10038408E /* ARMamemakiTests.xctest */;
			productType = "com.apple.product-type.bundle.unit-test";
		};
		5E6BA0A427A105F10038408E /* ARMamemakiUITests */ = {
			isa = PBXNativeTarget;
			buildConfigurationList = 5E6BA0B527A105F10038408E /* Build configuration list for PBXNativeTarget "ARMamemakiUITests" */;
			buildPhases = (
				5E6BA0A127A105F10038408E /* Sources */,
				5E6BA0A227A105F10038408E /* Frameworks */,
				5E6BA0A327A105F10038408E /* Resources */,
			);
			buildRules = (
			);
			dependencies = (
				5E6BA0A727A105F10038408E /* PBXTargetDependency */,
			);
			name = ARMamemakiUITests;
			productName = ARMamemakiUITests;
			productReference = 5E6BA0A527A105F10038408E /* ARMamemakiUITests.xctest */;
			productType = "com.apple.product-type.bundle.ui-testing";
		};
/* End PBXNativeTarget section */

/* Begin PBXProject section */
		5E6BA07E27A105EF0038408E /* Project object */ = {
			isa = PBXProject;
			attributes = {
				BuildIndependentTargetsInParallel = 1;
				LastSwiftUpdateCheck = 1320;
				LastUpgradeCheck = 1320;
				TargetAttributes = {
					5E6BA08527A105EF0038408E = {
						CreatedOnToolsVersion = 13.2.1;
					};
					5E6BA09A27A105F10038408E = {
						CreatedOnToolsVersion = 13.2.1;
						TestTargetID = 5E6BA08527A105EF0038408E;
					};
					5E6BA0A427A105F10038408E = {
						CreatedOnToolsVersion = 13.2.1;
						TestTargetID = 5E6BA08527A105EF0038408E;
					};
				};
			};
			buildConfigurationList = 5E6BA08127A105EF0038408E /* Build configuration list for PBXProject "ARMamemaki" */;
			compatibilityVersion = "Xcode 13.0";
			developmentRegion = en;
			hasScannedForEncodings = 0;
			knownRegions = (
				en,
				Base,
			);
			mainGroup = 5E6BA07D27A105EF0038408E;
			productRefGroup = 5E6BA08727A105EF0038408E /* Products */;
			projectDirPath = "";
			projectRoot = "";
			targets = (
				5E6BA08527A105EF0038408E /* ARMamemaki */,
				5E6BA09A27A105F10038408E /* ARMamemakiTests */,
				5E6BA0A427A105F10038408E /* ARMamemakiUITests */,
			);
		};
/* End PBXProject section */

/* Begin PBXResourcesBuildPhase section */
		5E6BA08427A105EF0038408E /* Resources */ = {
			isa = PBXResourcesBuildPhase;
			buildActionMask = 2147483647;
			files = (
				5E6BA09627A105F00038408E /* LaunchScreen.storyboard in Resources */,
				5E6BA09327A105F00038408E /* Assets.xcassets in Resources */,
				5E6BA09127A105EF0038408E /* Main.storyboard in Resources */,
			);
			runOnlyForDeploymentPostprocessing = 0;
		};
		5E6BA09927A105F10038408E /* Resources */ = {
			isa = PBXResourcesBuildPhase;
			buildActionMask = 2147483647;
			files = (
			);
			runOnlyForDeploymentPostprocessing = 0;
		};
		5E6BA0A327A105F10038408E /* Resources */ = {
			isa = PBXResourcesBuildPhase;
			buildActionMask = 2147483647;
			files = (
			);
			runOnlyForDeploymentPostprocessing = 0;
		};
/* End PBXResourcesBuildPhase section */

/* Begin PBXSourcesBuildPhase section */
		5E6BA08227A105EF0038408E /* Sources */ = {
			isa = PBXSourcesBuildPhase;
			buildActionMask = 2147483647;
			files = (
				5E6BA08C27A105EF0038408E /* ViewController.swift in Sources */,
				5E6BA08A27A105EF0038408E /* AppDelegate.swift in Sources */,
				5E6BA08E27A105EF0038408E /* Experience.rcproject in Sources */,
			);
			runOnlyForDeploymentPostprocessing = 0;
		};
		5E6BA09727A105F10038408E /* Sources */ = {
			isa = PBXSourcesBuildPhase;
			buildActionMask = 2147483647;
			files = (
				5E6BA0A027A105F10038408E /* ARMamemakiTests.swift in Sources */,
			);
			runOnlyForDeploymentPostprocessing = 0;
		};
		5E6BA0A127A105F10038408E /* Sources */ = {
			isa = PBXSourcesBuildPhase;
			buildActionMask = 2147483647;
			files = (
				5E6BA0AA27A105F10038408E /* ARMamemakiUITests.swift in Sources */,
				5E6BA0AC27A105F10038408E /* ARMamemakiUITestsLaunchTests.swift in Sources */,
			);
			runOnlyForDeploymentPostprocessing = 0;
		};
/* End PBXSourcesBuildPhase section */

/* Begin PBXTargetDependency section */
		5E6BA09D27A105F10038408E /* PBXTargetDependency */ = {
			isa = PBXTargetDependency;
			target = 5E6BA08527A105EF0038408E /* ARMamemaki */;
			targetProxy = 5E6BA09C27A105F10038408E /* PBXContainerItemProxy */;
		};
		5E6BA0A727A105F10038408E /* PBXTargetDependency */ = {
			isa = PBXTargetDependency;
			target = 5E6BA08527A105EF0038408E /* ARMamemaki */;
			targetProxy = 5E6BA0A627A105F10038408E /* PBXContainerItemProxy */;
		};
/* End PBXTargetDependency section */

/* Begin PBXVariantGroup section */
		5E6BA08F27A105EF0038408E /* Main.storyboard */ = {
			isa = PBXVariantGroup;
			children = (
				5E6BA09027A105EF0038408E /* Base */,
			);
			name = Main.storyboard;
			sourceTree = "<group>";
		};
		5E6BA09427A105F00038408E /* LaunchScreen.storyboard */ = {
			isa = PBXVariantGroup;
			children = (
				5E6BA09527A105F00038408E /* Base */,
			);
			name = LaunchScreen.storyboard;
			sourceTree = "<group>";
		};
/* End PBXVariantGroup section */

/* Begin XCBuildConfiguration section */
		5E6BA0AD27A105F10038408E /* Debug */ = {
			isa = XCBuildConfiguration;
			buildSettings = {
				ALWAYS_SEARCH_USER_PATHS = NO;
				CLANG_ANALYZER_NONNULL = YES;
				CLANG_ANALYZER_NUMBER_OBJECT_CONVERSION = YES_AGGRESSIVE;
				CLANG_CXX_LANGUAGE_STANDARD = "gnu++17";
				CLANG_CXX_LIBRARY = "libc++";
				CLANG_ENABLE_MODULES = YES;
				CLANG_ENABLE_OBJC_ARC = YES;
				CLANG_ENABLE_OBJC_WEAK = YES;
				CLANG_WARN_BLOCK_CAPTURE_AUTORELEASING = YES;
				CLANG_WARN_BOOL_CONVERSION = YES;
				CLANG_WARN_COMMA = YES;
				CLANG_WARN_CONSTANT_CONVERSION = YES;
				CLANG_WARN_DEPRECATED_OBJC_IMPLEMENTATIONS = YES;
				CLANG_WARN_DIRECT_OBJC_ISA_USAGE = YES_ERROR;
				CLANG_WARN_DOCUMENTATION_COMMENTS = YES;
				CLANG_WARN_EMPTY_BODY = YES;
				CLANG_WARN_ENUM_CONVERSION = YES;
				CLANG_WARN_INFINITE_RECURSION = YES;
				CLANG_WARN_INT_CONVERSION = YES;
				CLANG_WARN_NON_LITERAL_NULL_CONVERSION = YES;
				CLANG_WARN_OBJC_IMPLICIT_RETAIN_SELF = YES;
				CLANG_WARN_OBJC_LITERAL_CONVERSION = YES;
				CLANG_WARN_OBJC_ROOT_CLASS = YES_ERROR;
				CLANG_WARN_QUOTED_INCLUDE_IN_FRAMEWORK_HEADER = YES;
				CLANG_WARN_RANGE_LOOP_ANALYSIS = YES;
				CLANG_WARN_STRICT_PROTOTYPES = YES;
				CLANG_WARN_SUSPICIOUS_MOVE = YES;
				CLANG_WARN_UNGUARDED_AVAILABILITY = YES_AGGRESSIVE;
				CLANG_WARN_UNREACHABLE_CODE = YES;
				CLANG_WARN__DUPLICATE_METHOD_MATCH = YES;
				COPY_PHASE_STRIP = NO;
				DEBUG_INFORMATION_FORMAT = dwarf;
				ENABLE_STRICT_OBJC_MSGSEND = YES;
				ENABLE_TESTABILITY = YES;
				GCC_C_LANGUAGE_STANDARD = gnu11;
				GCC_DYNAMIC_NO_PIC = NO;
				GCC_NO_COMMON_BLOCKS = YES;
				GCC_OPTIMIZATION_LEVEL = 0;
				GCC_PREPROCESSOR_DEFINITIONS = (
					"DEBUG=1",
					"$(inherited)",
				);
				GCC_WARN_64_TO_32_BIT_CONVERSION = YES;
				GCC_WARN_ABOUT_RETURN_TYPE = YES_ERROR;
				GCC_WARN_UNDECLARED_SELECTOR = YES;
				GCC_WARN_UNINITIALIZED_AUTOS = YES_AGGRESSIVE;
				GCC_WARN_UNUSED_FUNCTION = YES;
				GCC_WARN_UNUSED_VARIABLE = YES;
				IPHONEOS_DEPLOYMENT_TARGET = 15.2;
				MTL_ENABLE_DEBUG_INFO = INCLUDE_SOURCE;
				MTL_FAST_MATH = YES;
				ONLY_ACTIVE_ARCH = YES;
				SDKROOT = iphoneos;
				SWIFT_ACTIVE_COMPILATION_CONDITIONS = DEBUG;
				SWIFT_OPTIMIZATION_LEVEL = "-Onone";
			};
			name = Debug;
		};
		5E6BA0AE27A105F10038408E /* Release */ = {
			isa = XCBuildConfiguration;
			buildSettings = {
				ALWAYS_SEARCH_USER_PATHS = NO;
				CLANG_ANALYZER_NONNULL = YES;
				CLANG_ANALYZER_NUMBER_OBJECT_CONVERSION = YES_AGGRESSIVE;
				CLANG_CXX_LANGUAGE_STANDARD = "gnu++17";
				CLANG_CXX_LIBRARY = "libc++";
				CLANG_ENABLE_MODULES = YES;
				CLANG_ENABLE_OBJC_ARC = YES;
				CLANG_ENABLE_OBJC_WEAK = YES;
				CLANG_WARN_BLOCK_CAPTURE_AUTORELEASING = YES;
				CLANG_WARN_BOOL_CONVERSION = YES;
				CLANG_WARN_COMMA = YES;
				CLANG_WARN_CONSTANT_CONVERSION = YES;
				CLANG_WARN_DEPRECATED_OBJC_IMPLEMENTATIONS = YES;
				CLANG_WARN_DIRECT_OBJC_ISA_USAGE = YES_ERROR;
				CLANG_WARN_DOCUMENTATION_COMMENTS = YES;
				CLANG_WARN_EMPTY_BODY = YES;
				CLANG_WARN_ENUM_CONVERSION = YES;
				CLANG_WARN_INFINITE_RECURSION = YES;
				CLANG_WARN_INT_CONVERSION = YES;
				CLANG_WARN_NON_LITERAL_NULL_CONVERSION = YES;
				CLANG_WARN_OBJC_IMPLICIT_RETAIN_SELF = YES;
				CLANG_WARN_OBJC_LITERAL_CONVERSION = YES;
				CLANG_WARN_OBJC_ROOT_CLASS = YES_ERROR;
				CLANG_WARN_QUOTED_INCLUDE_IN_FRAMEWORK_HEADER = YES;
				CLANG_WARN_RANGE_LOOP_ANALYSIS = YES;
				CLANG_WARN_STRICT_PROTOTYPES = YES;
				CLANG_WARN_SUSPICIOUS_MOVE = YES;
				CLANG_WARN_UNGUARDED_AVAILABILITY = YES_AGGRESSIVE;
				CLANG_WARN_UNREACHABLE_CODE = YES;
				CLANG_WARN__DUPLICATE_METHOD_MATCH = YES;
				COPY_PHASE_STRIP = NO;
				DEBUG_INFORMATION_FORMAT = "dwarf-with-dsym";
				ENABLE_NS_ASSERTIONS = NO;
				ENABLE_STRICT_OBJC_MSGSEND = YES;
				GCC_C_LANGUAGE_STANDARD = gnu11;
				GCC_NO_COMMON_BLOCKS = YES;
				GCC_WARN_64_TO_32_BIT_CONVERSION = YES;
				GCC_WARN_ABOUT_RETURN_TYPE = YES_ERROR;
				GCC_WARN_UNDECLARED_SELECTOR = YES;
				GCC_WARN_UNINITIALIZED_AUTOS = YES_AGGRESSIVE;
				GCC_WARN_UNUSED_FUNCTION = YES;
				GCC_WARN_UNUSED_VARIABLE = YES;
				IPHONEOS_DEPLOYMENT_TARGET = 15.2;
				MTL_ENABLE_DEBUG_INFO = NO;
				MTL_FAST_MATH = YES;
				SDKROOT = iphoneos;
				SWIFT_COMPILATION_MODE = wholemodule;
				SWIFT_OPTIMIZATION_LEVEL = "-O";
				VALIDATE_PRODUCT = YES;
			};
			name = Release;
		};
		5E6BA0B027A105F10038408E /* Debug */ = {
			isa = XCBuildConfiguration;
			buildSettings = {
				ASSETCATALOG_COMPILER_APPICON_NAME = AppIcon;
				ASSETCATALOG_COMPILER_GLOBAL_ACCENT_COLOR_NAME = AccentColor;
				CODE_SIGN_STYLE = Automatic;
				CURRENT_PROJECT_VERSION = 1;
				DEVELOPMENT_TEAM = V6P8D6F53V;
				GENERATE_INFOPLIST_FILE = YES;
				INFOPLIST_KEY_NSCameraUsageDescription = "";
				INFOPLIST_KEY_UIApplicationSupportsIndirectInputEvents = YES;
				INFOPLIST_KEY_UILaunchStoryboardName = LaunchScreen;
				INFOPLIST_KEY_UIMainStoryboardFile = Main;
				INFOPLIST_KEY_UIRequiredDeviceCapabilities = arkit;
				INFOPLIST_KEY_UIStatusBarHidden = YES;
				INFOPLIST_KEY_UISupportedInterfaceOrientations_iPad = "UIInterfaceOrientationPortrait UIInterfaceOrientationPortraitUpsideDown UIInterfaceOrientationLandscapeLeft UIInterfaceOrientationLandscapeRight";
				INFOPLIST_KEY_UISupportedInterfaceOrientations_iPhone = "UIInterfaceOrientationPortrait UIInterfaceOrientationLandscapeLeft UIInterfaceOrientationLandscapeRight";
				LD_RUNPATH_SEARCH_PATHS = (
					"$(inherited)",
					"@executable_path/Frameworks",
				);
				MARKETING_VERSION = 1.0;
				PRODUCT_BUNDLE_IDENTIFIER = uiui.ARMamemaki;
				PRODUCT_NAME = "$(TARGET_NAME)";
				SWIFT_EMIT_LOC_STRINGS = YES;
				SWIFT_VERSION = 5.0;
				TARGETED_DEVICE_FAMILY = "1,2";
			};
			name = Debug;
		};
		5E6BA0B127A105F10038408E /* Release */ = {
			isa = XCBuildConfiguration;
			buildSettings = {
				ASSETCATALOG_COMPILER_APPICON_NAME = AppIcon;
				ASSETCATALOG_COMPILER_GLOBAL_ACCENT_COLOR_NAME = AccentColor;
				CODE_SIGN_STYLE = Automatic;
				CURRENT_PROJECT_VERSION = 1;
				DEVELOPMENT_TEAM = V6P8D6F53V;
				GENERATE_INFOPLIST_FILE = YES;
				INFOPLIST_KEY_NSCameraUsageDescription = "";
				INFOPLIST_KEY_UIApplicationSupportsIndirectInputEvents = YES;
				INFOPLIST_KEY_UILaunchStoryboardName = LaunchScreen;
				INFOPLIST_KEY_UIMainStoryboardFile = Main;
				INFOPLIST_KEY_UIRequiredDeviceCapabilities = arkit;
				INFOPLIST_KEY_UIStatusBarHidden = YES;
				INFOPLIST_KEY_UISupportedInterfaceOrientations_iPad = "UIInterfaceOrientationPortrait UIInterfaceOrientationPortraitUpsideDown UIInterfaceOrientationLandscapeLeft UIInterfaceOrientationLandscapeRight";
				INFOPLIST_KEY_UISupportedInterfaceOrientations_iPhone = "UIInterfaceOrientationPortrait UIInterfaceOrientationLandscapeLeft UIInterfaceOrientationLandscapeRight";
				LD_RUNPATH_SEARCH_PATHS = (
					"$(inherited)",
					"@executable_path/Frameworks",
				);
				MARKETING_VERSION = 1.0;
				PRODUCT_BUNDLE_IDENTIFIER = uiui.ARMamemaki;
				PRODUCT_NAME = "$(TARGET_NAME)";
				SWIFT_EMIT_LOC_STRINGS = YES;
				SWIFT_VERSION = 5.0;
				TARGETED_DEVICE_FAMILY = "1,2";
			};
			name = Release;
		};
		5E6BA0B327A105F10038408E /* Debug */ = {
			isa = XCBuildConfiguration;
			buildSettings = {
				ALWAYS_EMBED_SWIFT_STANDARD_LIBRARIES = YES;
				BUNDLE_LOADER = "$(TEST_HOST)";
				CODE_SIGN_STYLE = Automatic;
				CURRENT_PROJECT_VERSION = 1;
				DEVELOPMENT_TEAM = V6P8D6F53V;
				GENERATE_INFOPLIST_FILE = YES;
				IPHONEOS_DEPLOYMENT_TARGET = 15.2;
				MARKETING_VERSION = 1.0;
				PRODUCT_BUNDLE_IDENTIFIER = uiui.ARMamemakiTests;
				PRODUCT_NAME = "$(TARGET_NAME)";
				SWIFT_EMIT_LOC_STRINGS = NO;
				SWIFT_VERSION = 5.0;
				TARGETED_DEVICE_FAMILY = "1,2";
				TEST_HOST = "$(BUILT_PRODUCTS_DIR)/ARMamemaki.app/ARMamemaki";
			};
			name = Debug;
		};
		5E6BA0B427A105F10038408E /* Release */ = {
			isa = XCBuildConfiguration;
			buildSettings = {
				ALWAYS_EMBED_SWIFT_STANDARD_LIBRARIES = YES;
				BUNDLE_LOADER = "$(TEST_HOST)";
				CODE_SIGN_STYLE = Automatic;
				CURRENT_PROJECT_VERSION = 1;
				DEVELOPMENT_TEAM = V6P8D6F53V;
				GENERATE_INFOPLIST_FILE = YES;
				IPHONEOS_DEPLOYMENT_TARGET = 15.2;
				MARKETING_VERSION = 1.0;
				PRODUCT_BUNDLE_IDENTIFIER = uiui.ARMamemakiTests;
				PRODUCT_NAME = "$(TARGET_NAME)";
				SWIFT_EMIT_LOC_STRINGS = NO;
				SWIFT_VERSION = 5.0;
				TARGETED_DEVICE_FAMILY = "1,2";
				TEST_HOST = "$(BUILT_PRODUCTS_DIR)/ARMamemaki.app/ARMamemaki";
			};
			name = Release;
		};
		5E6BA0B627A105F10038408E /* Debug */ = {
			isa = XCBuildConfiguration;
			buildSettings = {
				ALWAYS_EMBED_SWIFT_STANDARD_LIBRARIES = YES;
				CODE_SIGN_STYLE = Automatic;
				CURRENT_PROJECT_VERSION = 1;
				DEVELOPMENT_TEAM = V6P8D6F53V;
				GENERATE_INFOPLIST_FILE = YES;
				MARKETING_VERSION = 1.0;
				PRODUCT_BUNDLE_IDENTIFIER = uiui.ARMamemakiUITests;
				PRODUCT_NAME = "$(TARGET_NAME)";
				SWIFT_EMIT_LOC_STRINGS = NO;
				SWIFT_VERSION = 5.0;
				TARGETED_DEVICE_FAMILY = "1,2";
				TEST_TARGET_NAME = ARMamemaki;
			};
			name = Debug;
		};
		5E6BA0B727A105F10038408E /* Release */ = {
			isa = XCBuildConfiguration;
			buildSettings = {
				ALWAYS_EMBED_SWIFT_STANDARD_LIBRARIES = YES;
				CODE_SIGN_STYLE = Automatic;
				CURRENT_PROJECT_VERSION = 1;
				DEVELOPMENT_TEAM = V6P8D6F53V;
				GENERATE_INFOPLIST_FILE = YES;
				MARKETING_VERSION = 1.0;
				PRODUCT_BUNDLE_IDENTIFIER = uiui.ARMamemakiUITests;
				PRODUCT_NAME = "$(TARGET_NAME)";
				SWIFT_EMIT_LOC_STRINGS = NO;
				SWIFT_VERSION = 5.0;
				TARGETED_DEVICE_FAMILY = "1,2";
				TEST_TARGET_NAME = ARMamemaki;
			};
			name = Release;
		};
/* End XCBuildConfiguration section */

/* Begin XCConfigurationList section */
		5E6BA08127A105EF0038408E /* Build configuration list for PBXProject "ARMamemaki" */ = {
			isa = XCConfigurationList;
			buildConfigurations = (
				5E6BA0AD27A105F10038408E /* Debug */,
				5E6BA0AE27A105F10038408E /* Release */,
			);
			defaultConfigurationIsVisible = 0;
			defaultConfigurationName = Release;
		};
		5E6BA0AF27A105F10038408E /* Build configuration list for PBXNativeTarget "ARMamemaki" */ = {
			isa = XCConfigurationList;
			buildConfigurations = (
				5E6BA0B027A105F10038408E /* Debug */,
				5E6BA0B127A105F10038408E /* Release */,
			);
			defaultConfigurationIsVisible = 0;
			defaultConfigurationName = Release;
		};
		5E6BA0B227A105F10038408E /* Build configuration list for PBXNativeTarget "ARMamemakiTests" */ = {
			isa = XCConfigurationList;
			buildConfigurations = (
				5E6BA0B327A105F10038408E /* Debug */,
				5E6BA0B427A105F10038408E /* Release */,
			);
			defaultConfigurationIsVisible = 0;
			defaultConfigurationName = Release;
		};
		5E6BA0B527A105F10038408E /* Build configuration list for PBXNativeTarget "ARMamemakiUITests" */ = {
			isa = XCConfigurationList;
			buildConfigurations = (
				5E6BA0B627A105F10038408E /* Debug */,
				5E6BA0B727A105F10038408E /* Release */,
			);
			defaultConfigurationIsVisible = 0;
			defaultConfigurationName = Release;
		};
/* End XCConfigurationList section */
	};
	rootObject = 5E6BA07E27A105EF0038408E /* Project object */;
}
